
Microsoft Visual Studio Solution File, Format Version 12.00
# Visual Studio Version 16
VisualStudioVersion = 16.0.30330.147
MinimumVisualStudioVersion = 15.0.26124.0
Project("{9A19103F-16F7-4668-BE54-9A1E7A4F7556}") = "Wcwidth", "Wcwidth\Wcwidth.csproj", "{97277350-2069-4863-B0DE-07E929629958}"
EndProject
Project("{9A19103F-16F7-4668-BE54-9A1E7A4F7556}") = "Wcwidth.Tests", "Wcwidth.Tests\Wcwidth.Tests.csproj", "{A90C8C46-58DF-41B8-B273-B24396E8424C}"
EndProject
Project("{2150E333-8FDC-42A3-9474-1A3956D46DE8}") = "Solution Items", "Solution Items", "{9C3DA7B2-0055-453E-BFF7-F4D24B438433}"
	ProjectSection(SolutionItems) = preProject
		.editorconfig = .editorconfig
		Directory.Build.props = Directory.Build.props
		Directory.Build.targets = Directory.Build.targets
		..\README.md = ..\README.md
	EndProjectSection
EndProject
Project("{9A19103F-16F7-4668-BE54-9A1E7A4F7556}") = "Wcwidth.Generator", "Wcwidth.Generator\Wcwidth.Generator.csproj", "{765045E2-05BC-4236-BA3D-D63A6F1AAB86}"
EndProject
Project("{FAE04EC0-301F-11D3-BF4B-00C04F79EFBC}") = "Wcwidth.Sources", "Wcwidth.Sources\Wcwidth.Sources.csproj", "{D4BD342E-EF8E-4A93-BADA-83BA154DE1CC}"
EndProject
Global
	GlobalSection(SolutionConfigurationPlatforms) = preSolution
		Debug|Any CPU = Debug|Any CPU
		Debug|x64 = Debug|x64
		Debug|x86 = Debug|x86
		Release|Any CPU = Release|Any CPU
		Release|x64 = Release|x64
		Release|x86 = Release|x86
	EndGlobalSection
	GlobalSection(ProjectConfigurationPlatforms) = postSolution
		{97277350-2069-4863-B0DE-07E929629958}.Debug|Any CPU.ActiveCfg = Debug|Any CPU
		{97277350-2069-4863-B0DE-07E929629958}.Debug|Any CPU.Build.0 = Debug|Any CPU
		{97277350-2069-4863-B0DE-07E929629958}.Debug|x64.ActiveCfg = Debug|Any CPU
		{97277350-2069-4863-B0DE-07E929629958}.Debug|x64.Build.0 = Debug|Any CPU
		{97277350-2069-4863-B0DE-07E929629958}.Debug|x86.ActiveCfg = Debug|Any CPU
		{97277350-2069-4863-B0DE-07E929629958}.Debug|x86.Build.0 = Debug|Any CPU
		{97277350-2069-4863-B0DE-07E929629958}.Release|Any CPU.ActiveCfg = Release|Any CPU
		{97277350-2069-4863-B0DE-07E929629958}.Release|Any CPU.Build.0 = Release|Any CPU
		{97277350-2069-4863-B0DE-07E929629958}.Release|x64.ActiveCfg = Release|Any CPU
		{97277350-2069-4863-B0DE-07E929629958}.Release|x64.Build.0 = Release|Any CPU
		{97277350-2069-4863-B0DE-07E929629958}.Release|x86.ActiveCfg = Release|Any CPU
		{97277350-2069-4863-B0DE-07E929629958}.Release|x86.Build.0 = Release|Any CPU
		{A90C8C46-58DF-41B8-B273-B24396E8424C}.Debug|Any CPU.ActiveCfg = Debug|Any CPU
		{A90C8C46-58DF-41B8-B273-B24396E8424C}.Debug|Any CPU.Build.0 = Debug|Any CPU
		{A90C8C46-58DF-41B8-B273-B24396E8424C}.Debug|x64.ActiveCfg = Debug|Any CPU
		{A90C8C46-58DF-41B8-B273-B24396E8424C}.Debug|x64.Build.0 = Debug|Any CPU
		{A90C8C46-58DF-41B8-B273-B24396E8424C}.Debug|x86.ActiveCfg = Debug|Any CPU
		{A90C8C46-58DF-41B8-B273-B24396E8424C}.Debug|x86.Build.0 = Debug|Any CPU
		{A90C8C46-58DF-41B8-B273-B24396E8424C}.Release|Any CPU.ActiveCfg = Release|Any CPU
		{A90C8C46-58DF-41B8-B273-B24396E8424C}.Release|Any CPU.Build.0 = Release|Any CPU
		{A90C8C46-58DF-41B8-B273-B24396E8424C}.Release|x64.ActiveCfg = Release|Any CPU
		{A90C8C46-58DF-41B8-B273-B24396E8424C}.Release|x64.Build.0 = Release|Any CPU
		{A90C8C46-58DF-41B8-B273-B24396E8424C}.Release|x86.ActiveCfg = Release|Any CPU
		{A90C8C46-58DF-41B8-B273-B24396E8424C}.Release|x86.Build.0 = Release|Any CPU
		{765045E2-05BC-4236-BA3D-D63A6F1AAB86}.Debug|Any CPU.ActiveCfg = Debug|Any CPU
		{765045E2-05BC-4236-BA3D-D63A6F1AAB86}.Debug|Any CPU.Build.0 = Debug|Any CPU
		{765045E2-05BC-4236-BA3D-D63A6F1AAB86}.Debug|x64.ActiveCfg = Debug|Any CPU
		{765045E2-05BC-4236-BA3D-D63A6F1AAB86}.Debug|x64.Build.0 = Debug|Any CPU
		{765045E2-05BC-4236-BA3D-D63A6F1AAB86}.Debug|x86.ActiveCfg = Debug|Any CPU
		{765045E2-05BC-4236-BA3D-D63A6F1AAB86}.Debug|x86.Build.0 = Debug|Any CPU
		{765045E2-05BC-4236-BA3D-D63A6F1AAB86}.Release|Any CPU.ActiveCfg = Release|Any CPU
		{765045E2-05BC-4236-BA3D-D63A6F1AAB86}.Release|Any CPU.Build.0 = Release|Any CPU
		{765045E2-05BC-4236-BA3D-D63A6F1AAB86}.Release|x64.ActiveCfg = Release|Any CPU
		{765045E2-05BC-4236-BA3D-D63A6F1AAB86}.Release|x64.Build.0 = Release|Any CPU
		{765045E2-05BC-4236-BA3D-D63A6F1AAB86}.Release|x86.ActiveCfg = Release|Any CPU
		{765045E2-05BC-4236-BA3D-D63A6F1AAB86}.Release|x86.Build.0 = Release|Any CPU
		{D4BD342E-EF8E-4A93-BADA-83BA154DE1CC}.Debug|Any CPU.ActiveCfg = Debug|Any CPU
		{D4BD342E-EF8E-4A93-BADA-83BA154DE1CC}.Debug|Any CPU.Build.0 = Debug|Any CPU
		{D4BD342E-EF8E-4A93-BADA-83BA154DE1CC}.Debug|x64.ActiveCfg = Debug|Any CPU
		{D4BD342E-EF8E-4A93-BADA-83BA154DE1CC}.Debug|x64.Build.0 = Debug|Any CPU
		{D4BD342E-EF8E-4A93-BADA-83BA154DE1CC}.Debug|x86.ActiveCfg = Debug|Any CPU
		{D4BD342E-EF8E-4A93-BADA-83BA154DE1CC}.Debug|x86.Build.0 = Debug|Any CPU
		{D4BD342E-EF8E-4A93-BADA-83BA154DE1CC}.Release|Any CPU.ActiveCfg = Release|Any CPU
		{D4BD342E-EF8E-4A93-BADA-83BA154DE1CC}.Release|Any CPU.Build.0 = Release|Any CPU
		{D4BD342E-EF8E-4A93-BADA-83BA154DE1CC}.Release|x64.ActiveCfg = Release|Any CPU
		{D4BD342E-EF8E-4A93-BADA-83BA154DE1CC}.Release|x64.Build.0 = Release|Any CPU
		{D4BD342E-EF8E-4A93-BADA-83BA154DE1CC}.Release|x86.ActiveCfg = Release|Any CPU
		{D4BD342E-EF8E-4A93-BADA-83BA154DE1CC}.Release|x86.Build.0 = Release|Any CPU
	EndGlobalSection
	GlobalSection(SolutionProperties) = preSolution
		HideSolutionNode = FALSE
	EndGlobalSection
	GlobalSection(ExtensibilityGlobals) = postSolution
		SolutionGuid = {91DC3E44-F01D-459A-A956-418FE23E6723}
	EndGlobalSection
EndGlobal
