
Microsoft Visual Studio Solution File, Format Version 12.00
# Visual Studio Version 16
VisualStudioVersion = 16.0.30330.147
MinimumVisualStudioVersion = 15.0.26124.0
Project("{9A19103F-16F7-4668-BE54-9A1E7A4F7556}") = "Wcwidth", "Wcwidth\Wcwidth.csproj", "{97277350-2069-4863-B0DE-07E929629958}"
EndProject
Project("{9A19103F-16F7-4668-BE54-9A1E7A4F7556}") = "Wcwidth.Tests", "Wcwidth.Tests\Wcwidth.Tests.csproj", "{A90C8C46-58DF-41B8-B273-B24396E8424C}"
EndProject
Project("{2150E333-8FDC-42A3-9474-1A3956D46DE8}") = "Solution Items", "Solution Items", "{9C3DA7B2-0055-453E-BFF7-F4D24B438433}"
	ProjectSection(SolutionItems) = preProject
		.editorconfig = .editorconfig
		Directory.Build.props = Directory.Build.props
		Directory.Build.targets = Directory.Build.targets
		..\README.md = ..\README.md
	EndProjectSection
EndProject
Global
	GlobalSection(SolutionConfigurationPlatforms) = preSolution
		Debug|Any CPU = Debug|Any CPU
		Debug|x64 = Debug|x64
		Debug|x86 = Debug|x86
		Release|Any CPU = Release|Any CPU
		Release|x64 = Release|x64
		Release|x86 = Release|x86
	EndGlobalSection
	GlobalSection(ProjectConfigurationPlatforms) = postSolution
		{97277350-2069-4863-B0DE-07E929629958}.Debug|Any CPU.ActiveCfg = Debug|Any CPU
		{97277350-2069-4863-B0DE-07E929629958}.Debug|Any CPU.Build.0 = Debug|Any CPU
		{97277350-2069-4863-B0DE-07E929629958}.Debug|x64.ActiveCfg = Debug|Any CPU
		{97277350-2069-4863-B0DE-07E929629958}.Debug|x64.Build.0 = Debug|Any CPU
		{97277350-2069-4863-B0DE-07E929629958}.Debug|x86.ActiveCfg = Debug|Any CPU
		{97277350-2069-4863-B0DE-07E929629958}.Debug|x86.Build.0 = Debug|Any CPU
		{97277350-2069-4863-B0DE-07E929629958}.Release|Any CPU.ActiveCfg = Release|Any CPU
		{97277350-2069-4863-B0DE-07E929629958}.Release|Any CPU.Build.0 = Release|Any CPU
		{97277350-2069-4863-B0DE-07E929629958}.Release|x64.ActiveCfg = Release|Any CPU
		{97277350-2069-4863-B0DE-07E929629958}.Release|x64.Build.0 = Release|Any CPU
		{97277350-2069-4863-B0DE-07E929629958}.Release|x86.ActiveCfg = Release|Any CPU
		{97277350-2069-4863-B0DE-07E929629958}.Release|x86.Build.0 = Release|Any CPU
		{A90C8C46-58DF-41B8-B273-B24396E8424C}.Debug|Any CPU.ActiveCfg = Debug|Any CPU
		{A90C8C46-58DF-41B8-B273-B24396E8424C}.Debug|Any CPU.Build.0 = Debug|Any CPU
		{A90C8C46-58DF-41B8-B273-B24396E8424C}.Debug|x64.ActiveCfg = Debug|Any CPU
		{A90C8C46-58DF-41B8-B273-B24396E8424C}.Debug|x64.Build.0 = Debug|Any CPU
		{A90C8C46-58DF-41B8-B273-B24396E8424C}.Debug|x86.ActiveCfg = Debug|Any CPU
		{A90C8C46-58DF-41B8-B273-B24396E8424C}.Debug|x86.Build.0 = Debug|Any CPU
		{A90C8C46-58DF-41B8-B273-B24396E8424C}.Release|Any CPU.ActiveCfg = Release|Any CPU
		{A90C8C46-58DF-41B8-B273-B24396E8424C}.Release|Any CPU.Build.0 = Release|Any CPU
		{A90C8C46-58DF-41B8-B273-B24396E8424C}.Release|x64.ActiveCfg = Release|Any CPU
		{A90C8C46-58DF-41B8-B273-B24396E8424C}.Release|x64.Build.0 = Release|Any CPU
		{A90C8C46-58DF-41B8-B273-B24396E8424C}.Release|x86.ActiveCfg = Release|Any CPU
		{A90C8C46-58DF-41B8-B273-B24396E8424C}.Release|x86.Build.0 = Release|Any CPU
	EndGlobalSection
	GlobalSection(SolutionProperties) = preSolution
		HideSolutionNode = FALSE
	EndGlobalSection
	GlobalSection(ExtensibilityGlobals) = postSolution
		SolutionGuid = {91DC3E44-F01D-459A-A956-418FE23E6723}
	EndGlobalSection
EndGlobal
